
Microsoft Visual Studio Solution File, Format Version 12.00
# Visual Studio 15
VisualStudioVersion = 15.0.28307.136
MinimumVisualStudioVersion = 10.0.40219.1
Project("{FAE04EC0-301F-11D3-BF4B-00C04F79EFBC}") = "StringCalculator", "StringCalculator\StringCalculator.csproj", "{1E8C68C0-79C1-4F57-BC76-42E5C9457466}"
EndProject
Project("{FAE04EC0-301F-11D3-BF4B-00C04F79EFBC}") = "StringCalculatorUnitTest", "StringCalculatorUnitTest\StringCalculatorUnitTest.csproj", "{BC3B37A8-4D7D-485A-841F-21C7B639DAAC}"
EndProject
Global
	GlobalSection(SolutionConfigurationPlatforms) = preSolution
		Debug|Any CPU = Debug|Any CPU
		Release|Any CPU = Release|Any CPU
	EndGlobalSection
	GlobalSection(ProjectConfigurationPlatforms) = postSolution
		{1E8C68C0-79C1-4F57-BC76-42E5C9457466}.Debug|Any CPU.ActiveCfg = Debug|Any CPU
		{1E8C68C0-79C1-4F57-BC76-42E5C9457466}.Debug|Any CPU.Build.0 = Debug|Any CPU
		{1E8C68C0-79C1-4F57-BC76-42E5C9457466}.Release|Any CPU.ActiveCfg = Release|Any CPU
		{1E8C68C0-79C1-4F57-BC76-42E5C9457466}.Release|Any CPU.Build.0 = Release|Any CPU
		{BC3B37A8-4D7D-485A-841F-21C7B639DAAC}.Debug|Any CPU.ActiveCfg = Debug|Any CPU
		{BC3B37A8-4D7D-485A-841F-21C7B639DAAC}.Debug|Any CPU.Build.0 = Debug|Any CPU
		{BC3B37A8-4D7D-485A-841F-21C7B639DAAC}.Release|Any CPU.ActiveCfg = Release|Any CPU
		{BC3B37A8-4D7D-485A-841F-21C7B639DAAC}.Release|Any CPU.Build.0 = Release|Any CPU
	EndGlobalSection
	GlobalSection(SolutionProperties) = preSolution
		HideSolutionNode = FALSE
	EndGlobalSection
	GlobalSection(ExtensibilityGlobals) = postSolution
		SolutionGuid = {73FB240A-B217-4B21-946D-5B0DC7F825A2}
	EndGlobalSection
EndGlobal
